
Microsoft Visual Studio Solution File, Format Version 12.00
# Visual Studio Version 17
VisualStudioVersion = 17.2.32630.192
MinimumVisualStudioVersion = 10.0.40219.1
Project("{FAE04EC0-301F-11D3-BF4B-00C04F79EFBC}") = "NUnit_Example-220716", "NUnit_Example-220716\NUnit_Example-220716.csproj", "{8914A517-9E9A-4EB8-8643-7CBD4E2A1F74}"
EndProject
Global
	GlobalSection(SolutionConfigurationPlatforms) = preSolution
		Debug|Any CPU = Debug|Any CPU
		Release|Any CPU = Release|Any CPU
	EndGlobalSection
	GlobalSection(ProjectConfigurationPlatforms) = postSolution
		{8914A517-9E9A-4EB8-8643-7CBD4E2A1F74}.Debug|Any CPU.ActiveCfg = Debug|Any CPU
		{8914A517-9E9A-4EB8-8643-7CBD4E2A1F74}.Debug|Any CPU.Build.0 = Debug|Any CPU
		{8914A517-9E9A-4EB8-8643-7CBD4E2A1F74}.Release|Any CPU.ActiveCfg = Release|Any CPU
		{8914A517-9E9A-4EB8-8643-7CBD4E2A1F74}.Release|Any CPU.Build.0 = Release|Any CPU
	EndGlobalSection
	GlobalSection(SolutionProperties) = preSolution
		HideSolutionNode = FALSE
	EndGlobalSection
	GlobalSection(ExtensibilityGlobals) = postSolution
		SolutionGuid = {A502CDDB-0921-4D74-99F5-9EF0EAD5BB45}
	EndGlobalSection
EndGlobal
